
Microsoft Visual Studio Solution File, Format Version 12.00
# Visual Studio 2013
VisualStudioVersion = 12.0.40629.0
MinimumVisualStudioVersion = 10.0.40219.1
Project("{FAE04EC0-301F-11D3-BF4B-00C04F79EFBC}") = "AnimalGroupBehavior", "AnimalGroupBehavior\AnimalGroupBehavior.csproj", "{B25F2835-2779-4033-8FA5-CE2C91DAC688}"
EndProject
Project("{FAE04EC0-301F-11D3-BF4B-00C04F79EFBC}") = "AnimalGroupBehaviorTest", "AnimalGroupBehaviorTest\AnimalGroupBehaviorTest.csproj", "{AE6893C0-0281-4972-BD4C-664FB8703177}"
EndProject
Global
	GlobalSection(SolutionConfigurationPlatforms) = preSolution
		Debug|Any CPU = Debug|Any CPU
		Release|Any CPU = Release|Any CPU
	EndGlobalSection
	GlobalSection(ProjectConfigurationPlatforms) = postSolution
		{B25F2835-2779-4033-8FA5-CE2C91DAC688}.Debug|Any CPU.ActiveCfg = Debug|Any CPU
		{B25F2835-2779-4033-8FA5-CE2C91DAC688}.Debug|Any CPU.Build.0 = Debug|Any CPU
		{B25F2835-2779-4033-8FA5-CE2C91DAC688}.Release|Any CPU.ActiveCfg = Release|Any CPU
		{B25F2835-2779-4033-8FA5-CE2C91DAC688}.Release|Any CPU.Build.0 = Release|Any CPU
		{AE6893C0-0281-4972-BD4C-664FB8703177}.Debug|Any CPU.ActiveCfg = Debug|Any CPU
		{AE6893C0-0281-4972-BD4C-664FB8703177}.Debug|Any CPU.Build.0 = Debug|Any CPU
		{AE6893C0-0281-4972-BD4C-664FB8703177}.Release|Any CPU.ActiveCfg = Release|Any CPU
		{AE6893C0-0281-4972-BD4C-664FB8703177}.Release|Any CPU.Build.0 = Release|Any CPU
	EndGlobalSection
	GlobalSection(SolutionProperties) = preSolution
		HideSolutionNode = FALSE
	EndGlobalSection
EndGlobal
